
Microsoft Visual Studio Solution File, Format Version 12.00
# Visual Studio 14
VisualStudioVersion = 14.0.25420.1
MinimumVisualStudioVersion = 10.0.40219.1
Project("{FAE04EC0-301F-11D3-BF4B-00C04F79EFBC}") = "ConsoleApplication1", "ConsoleApplication1\ConsoleApplication1.csproj", "{F7D49C3E-87CC-4017-A0CF-23620C5B8671}"
EndProject
Project("{FAE04EC0-301F-11D3-BF4B-00C04F79EFBC}") = "WindowsFormsApplication1", "WindowsFormsApplication1\WindowsFormsApplication1.csproj", "{B1DE5880-B6CD-45A2-A61F-DBBA058B0A85}"
EndProject
Project("{FAE04EC0-301F-11D3-BF4B-00C04F79EFBC}") = "ConsoleApplication_Nlog", "ConsoleApplication_Nlog\ConsoleApplication_Nlog.csproj", "{A436E1CE-1376-440C-B536-E8BC70A497F4}"
EndProject
Project("{FAE04EC0-301F-11D3-BF4B-00C04F79EFBC}") = "ConsoleApplicationJson1", "ConsoleApplication5\ConsoleApplicationJson1.csproj", "{88EF12B3-3D5B-4BF6-90C4-8EF6496351DC}"
EndProject
Project("{FAE04EC0-301F-11D3-BF4B-00C04F79EFBC}") = "ConsoleApplicationJson", "ConsoleApplicationJson\ConsoleApplicationJson.csproj", "{5AEF23D1-EEE8-4E5E-A7B6-F756EFB9741F}"
EndProject
Project("{FAE04EC0-301F-11D3-BF4B-00C04F79EFBC}") = "ConsoleApplicationLock", "ConsoleApplicationLock\ConsoleApplicationLock.csproj", "{C7D1F5E1-9471-4CE0-AC05-BEDF3D78525D}"
EndProject
Project("{2150E333-8FDC-42A3-9474-1A3956D46DE8}") = "委托事件", "委托事件", "{071F904E-7BFC-496D-90E6-9EE8AC8DDC42}"
EndProject
Project("{FAE04EC0-301F-11D3-BF4B-00C04F79EFBC}") = "ConsoleApplication6", "ConsoleApplication6\ConsoleApplication6.csproj", "{6DF6A2D0-C13C-4D10-AB67-BFAA78B596B9}"
EndProject
Project("{2150E333-8FDC-42A3-9474-1A3956D46DE8}") = "使用Monitor类Lock和Mutex类进行多线程同步", "使用Monitor类Lock和Mutex类进行多线程同步", "{C6FAA2A8-8BB0-4906-B288-374E5AB5AF98}"
EndProject
Project("{FAE04EC0-301F-11D3-BF4B-00C04F79EFBC}") = "MonitorLockMutex", "MonitorLockMutex\MonitorLockMutex.csproj", "{AF4ED670-8061-4CA4-8461-824753BED5D0}"
EndProject
Project("{FAE04EC0-301F-11D3-BF4B-00C04F79EFBC}") = "ConsoleApplicationYeild", "ConsoleApplicationYeild\ConsoleApplicationYeild.csproj", "{2AE4DD19-3F4A-420A-A2A3-8489AFF23AB2}"
EndProject
Global
	GlobalSection(SolutionConfigurationPlatforms) = preSolution
		Debug|Any CPU = Debug|Any CPU
		Release|Any CPU = Release|Any CPU
	EndGlobalSection
	GlobalSection(ProjectConfigurationPlatforms) = postSolution
		{F7D49C3E-87CC-4017-A0CF-23620C5B8671}.Debug|Any CPU.ActiveCfg = Debug|Any CPU
		{F7D49C3E-87CC-4017-A0CF-23620C5B8671}.Debug|Any CPU.Build.0 = Debug|Any CPU
		{F7D49C3E-87CC-4017-A0CF-23620C5B8671}.Release|Any CPU.ActiveCfg = Release|Any CPU
		{F7D49C3E-87CC-4017-A0CF-23620C5B8671}.Release|Any CPU.Build.0 = Release|Any CPU
		{B1DE5880-B6CD-45A2-A61F-DBBA058B0A85}.Debug|Any CPU.ActiveCfg = Debug|Any CPU
		{B1DE5880-B6CD-45A2-A61F-DBBA058B0A85}.Debug|Any CPU.Build.0 = Debug|Any CPU
		{B1DE5880-B6CD-45A2-A61F-DBBA058B0A85}.Release|Any CPU.ActiveCfg = Release|Any CPU
		{B1DE5880-B6CD-45A2-A61F-DBBA058B0A85}.Release|Any CPU.Build.0 = Release|Any CPU
		{A436E1CE-1376-440C-B536-E8BC70A497F4}.Debug|Any CPU.ActiveCfg = Debug|Any CPU
		{A436E1CE-1376-440C-B536-E8BC70A497F4}.Debug|Any CPU.Build.0 = Debug|Any CPU
		{A436E1CE-1376-440C-B536-E8BC70A497F4}.Release|Any CPU.ActiveCfg = Release|Any CPU
		{A436E1CE-1376-440C-B536-E8BC70A497F4}.Release|Any CPU.Build.0 = Release|Any CPU
		{88EF12B3-3D5B-4BF6-90C4-8EF6496351DC}.Debug|Any CPU.ActiveCfg = Debug|Any CPU
		{88EF12B3-3D5B-4BF6-90C4-8EF6496351DC}.Debug|Any CPU.Build.0 = Debug|Any CPU
		{88EF12B3-3D5B-4BF6-90C4-8EF6496351DC}.Release|Any CPU.ActiveCfg = Release|Any CPU
		{88EF12B3-3D5B-4BF6-90C4-8EF6496351DC}.Release|Any CPU.Build.0 = Release|Any CPU
		{5AEF23D1-EEE8-4E5E-A7B6-F756EFB9741F}.Debug|Any CPU.ActiveCfg = Debug|Any CPU
		{5AEF23D1-EEE8-4E5E-A7B6-F756EFB9741F}.Debug|Any CPU.Build.0 = Debug|Any CPU
		{5AEF23D1-EEE8-4E5E-A7B6-F756EFB9741F}.Release|Any CPU.ActiveCfg = Release|Any CPU
		{5AEF23D1-EEE8-4E5E-A7B6-F756EFB9741F}.Release|Any CPU.Build.0 = Release|Any CPU
		{C7D1F5E1-9471-4CE0-AC05-BEDF3D78525D}.Debug|Any CPU.ActiveCfg = Debug|Any CPU
		{C7D1F5E1-9471-4CE0-AC05-BEDF3D78525D}.Debug|Any CPU.Build.0 = Debug|Any CPU
		{C7D1F5E1-9471-4CE0-AC05-BEDF3D78525D}.Release|Any CPU.ActiveCfg = Release|Any CPU
		{C7D1F5E1-9471-4CE0-AC05-BEDF3D78525D}.Release|Any CPU.Build.0 = Release|Any CPU
		{6DF6A2D0-C13C-4D10-AB67-BFAA78B596B9}.Debug|Any CPU.ActiveCfg = Debug|Any CPU
		{6DF6A2D0-C13C-4D10-AB67-BFAA78B596B9}.Debug|Any CPU.Build.0 = Debug|Any CPU
		{6DF6A2D0-C13C-4D10-AB67-BFAA78B596B9}.Release|Any CPU.ActiveCfg = Release|Any CPU
		{6DF6A2D0-C13C-4D10-AB67-BFAA78B596B9}.Release|Any CPU.Build.0 = Release|Any CPU
		{AF4ED670-8061-4CA4-8461-824753BED5D0}.Debug|Any CPU.ActiveCfg = Debug|Any CPU
		{AF4ED670-8061-4CA4-8461-824753BED5D0}.Debug|Any CPU.Build.0 = Debug|Any CPU
		{AF4ED670-8061-4CA4-8461-824753BED5D0}.Release|Any CPU.ActiveCfg = Release|Any CPU
		{AF4ED670-8061-4CA4-8461-824753BED5D0}.Release|Any CPU.Build.0 = Release|Any CPU
		{2AE4DD19-3F4A-420A-A2A3-8489AFF23AB2}.Debug|Any CPU.ActiveCfg = Debug|Any CPU
		{2AE4DD19-3F4A-420A-A2A3-8489AFF23AB2}.Debug|Any CPU.Build.0 = Debug|Any CPU
		{2AE4DD19-3F4A-420A-A2A3-8489AFF23AB2}.Release|Any CPU.ActiveCfg = Release|Any CPU
		{2AE4DD19-3F4A-420A-A2A3-8489AFF23AB2}.Release|Any CPU.Build.0 = Release|Any CPU
	EndGlobalSection
	GlobalSection(SolutionProperties) = preSolution
		HideSolutionNode = FALSE
	EndGlobalSection
	GlobalSection(NestedProjects) = preSolution
		{6DF6A2D0-C13C-4D10-AB67-BFAA78B596B9} = {071F904E-7BFC-496D-90E6-9EE8AC8DDC42}
		{AF4ED670-8061-4CA4-8461-824753BED5D0} = {C6FAA2A8-8BB0-4906-B288-374E5AB5AF98}
	EndGlobalSection
EndGlobal
